
Microsoft Visual Studio Solution File, Format Version 12.00
Project("{FAE04EC0-301F-11D3-BF4B-00C04F79EFBC}") = "Zadanie4APBD", "Zadanie4APBD.csproj", "{4A8E0736-2B0A-4283-8CAD-F10E55B82353}"
EndProject
Global
	GlobalSection(SolutionConfigurationPlatforms) = preSolution
		Debug|Any CPU = Debug|Any CPU
		Release|Any CPU = Release|Any CPU
	EndGlobalSection
	GlobalSection(ProjectConfigurationPlatforms) = postSolution
		{4A8E0736-2B0A-4283-8CAD-F10E55B82353}.Debug|Any CPU.ActiveCfg = Debug|Any CPU
		{4A8E0736-2B0A-4283-8CAD-F10E55B82353}.Debug|Any CPU.Build.0 = Debug|Any CPU
		{4A8E0736-2B0A-4283-8CAD-F10E55B82353}.Release|Any CPU.ActiveCfg = Release|Any CPU
		{4A8E0736-2B0A-4283-8CAD-F10E55B82353}.Release|Any CPU.Build.0 = Release|Any CPU
	EndGlobalSection
EndGlobal
